# generated by rye
# use `rye lock` or `rye sync` to update this lockfile
#
# last locked with the following flags:
#   pre: false
#   features: []
#   all-features: false
#   with-sources: false
#   generate-hashes: false
#   universal: false

-e file:.
aiohappyeyeballs==2.3.2
    # via aiohttp
aiohttp==3.10.0
    # via datasets
    # via fsspec
aiosignal==1.3.1
    # via aiohttp
anyio==4.4.0
    # via httpx
    # via jupyter-server
argon2-cffi==23.1.0
    # via jupyter-server
argon2-cffi-bindings==21.2.0
    # via argon2-cffi
arrow==1.3.0
    # via isoduration
asttokens==2.4.1
    # via stack-data
async-lru==2.0.4
    # via jupyterlab
attrs==23.2.0
    # via aiohttp
    # via jsonschema
    # via referencing
autograd==1.7.0
    # via autograd-gamma
    # via lifelines
autograd-gamma==0.5.0
    # via lifelines
babel==2.15.0
    # via jupyterlab-server
    # via mkdocs-material
beautifulsoup4==4.12.3
    # via nbconvert
bleach==6.1.0
    # via nbconvert
certifi==2024.7.4
    # via httpcore
    # via httpx
    # via requests
cffi==1.16.0
    # via argon2-cffi-bindings
charset-normalizer==3.3.2
    # via requests
cleanlab==2.6.6
    # via opus-note
cleanvision==0.3.6
    # via cleanlab
click==8.1.7
    # via mkdocs
    # via neoteroi-mkdocs
cloudpickle==3.0.0
    # via shap
colorama==0.4.6
    # via click
    # via ipython
    # via mkdocs
    # via mkdocs-material
    # via tqdm
comm==0.2.2
    # via ipykernel
    # via ipywidgets
contourpy==1.2.1
    # via matplotlib
cycler==0.12.1
    # via matplotlib
datasets==2.20.0
    # via cleanlab
debugpy==1.8.2
    # via ipykernel
decorator==5.1.1
    # via ipython
defusedxml==0.7.1
    # via nbconvert
dill==0.3.8
    # via datasets
    # via multiprocess
essentials==1.1.5
    # via essentials-openapi
essentials-openapi==1.0.9
    # via neoteroi-mkdocs
executing==2.0.1
    # via stack-data
fastjsonschema==2.20.0
    # via nbformat
filelock==3.15.4
    # via datasets
    # via huggingface-hub
fonttools==4.53.1
    # via matplotlib
    # via opus-note
formulaic==1.0.2
    # via lifelines
fqdn==1.5.1
    # via jsonschema
frozenlist==1.4.1
    # via aiohttp
    # via aiosignal
fsspec==2024.5.0
    # via cleanvision
    # via datasets
    # via huggingface-hub
ghp-import==2.1.0
    # via mkdocs
h11==0.14.0
    # via httpcore
httpcore==1.0.5
    # via httpx
httpx==0.27.0
    # via jupyterlab
    # via neoteroi-mkdocs
huggingface-hub==0.24.3
    # via datasets
idna==3.7
    # via anyio
    # via httpx
    # via jsonschema
    # via requests
    # via yarl
imagehash==4.3.1
    # via cleanvision
interface-meta==1.3.0
    # via formulaic
ipykernel==6.29.5
    # via jupyter
    # via jupyter-console
    # via jupyterlab
    # via mkdocs-jupyter
    # via qtconsole
ipython==8.26.0
    # via ipykernel
    # via ipywidgets
    # via jupyter-console
ipywidgets==8.1.3
    # via jupyter
isoduration==20.11.0
    # via jsonschema
jedi==0.19.1
    # via ipython
jinja2==3.1.4
    # via jupyter-server
    # via jupyterlab
    # via jupyterlab-server
    # via mkdocs
    # via mkdocs-material
    # via nbconvert
    # via neoteroi-mkdocs
joblib==1.4.2
    # via scikit-learn
json5==0.9.25
    # via jupyterlab-server
jsonpointer==3.0.0
    # via jsonschema
jsonschema==4.22.0
    # via jupyter-events
    # via jupyterlab-server
    # via nbformat
jsonschema-specifications==2023.12.1
    # via jsonschema
jupyter==1.0.0
    # via opus-note
jupyter-client==8.6.2
    # via ipykernel
    # via jupyter-console
    # via jupyter-server
    # via nbclient
    # via qtconsole
jupyter-console==6.6.3
    # via jupyter
jupyter-core==5.7.2
    # via ipykernel
    # via jupyter-client
    # via jupyter-console
    # via jupyter-server
    # via jupyterlab
    # via nbclient
    # via nbconvert
    # via nbformat
    # via qtconsole
jupyter-events==0.10.0
    # via jupyter-server
jupyter-lsp==2.2.5
    # via jupyterlab
jupyter-server==2.14.2
    # via jupyter-lsp
    # via jupyterlab
    # via jupyterlab-server
    # via notebook
    # via notebook-shim
jupyter-server-terminals==0.5.3
    # via jupyter-server
jupyterlab==4.2.4
    # via notebook
    # via opus-note
jupyterlab-pygments==0.3.0
    # via nbconvert
jupyterlab-server==2.27.3
    # via jupyterlab
    # via notebook
jupyterlab-widgets==3.0.11
    # via ipywidgets
jupytext==1.16.2
    # via mkdocs-jupyter
kiwisolver==1.4.5
    # via matplotlib
lifelines==0.29.0
    # via ngboost
llvmlite==0.43.0
    # via numba
markdown==3.6
    # via mkdocs
    # via mkdocs-material
    # via pymdown-extensions
markdown-it-py==3.0.0
    # via jupytext
    # via mdit-py-plugins
    # via rich
markupsafe==2.1.5
    # via essentials-openapi
    # via jinja2
    # via mkdocs
    # via nbconvert
matplotlib==3.9.1
    # via cleanlab
    # via cleanvision
    # via lifelines
    # via seaborn
matplotlib-inline==0.1.7
    # via ipykernel
    # via ipython
mdit-py-plugins==0.4.1
    # via jupytext
mdurl==0.1.2
    # via markdown-it-py
mergedeep==1.3.4
    # via mkdocs
    # via mkdocs-get-deps
mistune==3.0.2
    # via nbconvert
mkdocs==1.6.0
    # via mkdocs-jupyter
    # via mkdocs-material
    # via neoteroi-mkdocs
mkdocs-get-deps==0.2.0
    # via mkdocs
mkdocs-glightbox==0.4.0
    # via opus-note
mkdocs-jupyter==0.24.8
    # via opus-note
mkdocs-material==9.5.28
    # via mkdocs-jupyter
    # via opus-note
mkdocs-material-extensions==1.3.1
    # via mkdocs-material
multidict==6.0.5
    # via aiohttp
    # via yarl
multiprocess==0.70.16
    # via datasets
nbclient==0.10.0
    # via nbconvert
nbconvert==7.16.4
    # via jupyter
    # via jupyter-server
    # via mkdocs-jupyter
nbformat==5.10.4
    # via jupyter-server
    # via jupytext
    # via nbclient
    # via nbconvert
neoteroi-mkdocs==1.0.5
    # via opus-note
nest-asyncio==1.6.0
    # via ipykernel
ngboost==0.5.1
    # via opus-note
notebook==7.2.1
    # via jupyter
    # via opus-note
notebook-shim==0.2.4
    # via jupyterlab
    # via notebook
numba==0.60.0
    # via shap
numpy==1.26.4
    # via autograd
    # via cleanlab
    # via cleanvision
    # via contourpy
    # via datasets
    # via formulaic
    # via imagehash
    # via lifelines
    # via matplotlib
    # via ngboost
    # via numba
    # via pandas
    # via pyarrow
    # via pywavelets
    # via scikit-learn
    # via scipy
    # via seaborn
    # via shap
overrides==7.7.0
    # via jupyter-server
packaging==24.1
    # via datasets
    # via huggingface-hub
    # via ipykernel
    # via jupyter-server
    # via jupyterlab
    # via jupyterlab-server
    # via jupytext
    # via matplotlib
    # via mkdocs
    # via nbconvert
    # via qtconsole
    # via qtpy
    # via shap
paginate==0.5.6
    # via mkdocs-material
pandas==2.2.2
    # via cleanlab
    # via cleanvision
    # via datasets
    # via formulaic
    # via lifelines
    # via opus-note
    # via seaborn
    # via shap
pandocfilters==1.5.1
    # via nbconvert
parso==0.8.4
    # via jedi
pathspec==0.12.1
    # via mkdocs
pillow==10.4.0
    # via cleanvision
    # via imagehash
    # via matplotlib
    # via opus-note
platformdirs==4.2.2
    # via jupyter-core
    # via mkdocs-get-deps
prometheus-client==0.20.0
    # via jupyter-server
prompt-toolkit==3.0.47
    # via ipython
    # via jupyter-console
psutil==6.0.0
    # via ipykernel
pure-eval==0.2.2
    # via stack-data
pyarrow==17.0.0
    # via datasets
pyarrow-hotfix==0.6
    # via datasets
pycparser==2.22
    # via cffi
pygments==2.18.0
    # via ipython
    # via jupyter-console
    # via mkdocs-jupyter
    # via mkdocs-material
    # via nbconvert
    # via qtconsole
    # via rich
pymdown-extensions==10.8.1
    # via mkdocs-material
pyparsing==3.1.2
    # via matplotlib
python-dateutil==2.9.0.post0
    # via arrow
    # via ghp-import
    # via jupyter-client
    # via matplotlib
    # via pandas
python-json-logger==2.0.7
    # via jupyter-events
pytz==2024.1
    # via pandas
pywavelets==1.6.0
    # via imagehash
pywin32==306
    # via jupyter-core
pywinpty==2.0.13
    # via jupyter-server
    # via jupyter-server-terminals
    # via terminado
pyyaml==6.0.1
    # via datasets
    # via essentials-openapi
    # via huggingface-hub
    # via jupyter-events
    # via jupytext
    # via mkdocs
    # via mkdocs-get-deps
    # via pymdown-extensions
    # via pyyaml-env-tag
pyyaml-env-tag==0.1
    # via mkdocs
pyzmq==26.0.3
    # via ipykernel
    # via jupyter-client
    # via jupyter-console
    # via jupyter-server
    # via qtconsole
qtconsole==5.5.2
    # via jupyter
qtpy==2.4.1
    # via qtconsole
referencing==0.35.1
    # via jsonschema
    # via jsonschema-specifications
    # via jupyter-events
regex==2024.5.15
    # via mkdocs-material
requests==2.32.3
    # via datasets
    # via huggingface-hub
    # via jupyterlab-server
    # via mkdocs-material
rfc3339-validator==0.1.4
    # via jsonschema
    # via jupyter-events
rfc3986-validator==0.1.1
    # via jsonschema
    # via jupyter-events
rich==13.7.1
    # via neoteroi-mkdocs
rpds-py==0.18.1
    # via jsonschema
    # via referencing
scikit-learn==1.5.1
    # via cleanlab
    # via ngboost
    # via opus-note
    # via shap
scipy==1.14.0
    # via autograd-gamma
    # via formulaic
    # via imagehash
    # via lifelines
    # via ngboost
    # via scikit-learn
    # via shap
seaborn==0.13.2
    # via opus-note
send2trash==1.8.3
    # via jupyter-server
setuptools==72.1.0
    # via jupyterlab
shap==0.46.0
    # via opus-note
six==1.16.0
    # via asttokens
    # via bleach
    # via python-dateutil
    # via rfc3339-validator
slicer==0.0.8
    # via shap
sniffio==1.3.1
    # via anyio
    # via httpx
soupsieve==2.5
    # via beautifulsoup4
stack-data==0.6.3
    # via ipython
tabulate==0.9.0
    # via cleanvision
termcolor==2.4.0
    # via cleanlab
terminado==0.18.1
    # via jupyter-server
    # via jupyter-server-terminals
threadpoolctl==3.5.0
    # via scikit-learn
tinycss2==1.3.0
    # via nbconvert
tornado==6.4.1
    # via ipykernel
    # via jupyter-client
    # via jupyter-server
    # via jupyterlab
    # via notebook
    # via terminado
tqdm==4.66.4
    # via cleanlab
    # via cleanvision
    # via datasets
    # via huggingface-hub
    # via ngboost
    # via opus-note
    # via shap
traitlets==5.14.3
    # via comm
    # via ipykernel
    # via ipython
    # via ipywidgets
    # via jupyter-client
    # via jupyter-console
    # via jupyter-core
    # via jupyter-events
    # via jupyter-server
    # via jupyterlab
    # via matplotlib-inline
    # via nbclient
    # via nbconvert
    # via nbformat
    # via qtconsole
types-python-dateutil==2.9.0.20240316
    # via arrow
typing-extensions==4.12.2
    # via formulaic
    # via huggingface-hub
    # via ipython
tzdata==2024.1
    # via pandas
uri-template==1.3.0
    # via jsonschema
urllib3==2.2.2
    # via requests
watchdog==4.0.1
    # via mkdocs
wcwidth==0.2.13
    # via prompt-toolkit
webcolors==24.6.0
    # via jsonschema
webencodings==0.5.1
    # via bleach
    # via tinycss2
websocket-client==1.8.0
    # via jupyter-server
widgetsnbextension==4.0.11
    # via ipywidgets
wrapt==1.16.0
    # via formulaic
xxhash==3.4.1
    # via datasets
yarl==1.9.4
    # via aiohttp
